<?xml version="1.0" encoding="utf-8"?>
<Project ToolsVersion="4.0" xmlns="http://schemas.microsoft.com/developer/msbuild/2003">
  <ItemGroup>
    <ClCompile Include="Bitmap.cpp" />
    <ClCompile Include="Main.cpp" />
    <ClCompile Include="LibJpeg\jcinit.cpp">
      <Filter>LibJpeg</Filter>
    </ClCompile>
    <ClCompile Include="LibJpeg\jcmainct.cpp">
      <Filter>LibJpeg</Filter>
    </ClCompile>
    <ClCompile Include="LibJpeg\jcmarker.cpp">
      <Filter>LibJpeg</Filter>
    </ClCompile>
    <ClCompile Include="LibJpeg\jcmaster.cpp">
      <Filter>LibJpeg</Filter>
    </ClCompile>
    <ClCompile Include="LibJpeg\jcomapi.cpp">
      <Filter>LibJpeg</Filter>
    </ClCompile>
    <ClCompile Include="LibJpeg\jcparam.cpp">
      <Filter>LibJpeg</Filter>
    </ClCompile>
    <ClCompile Include="LibJpeg\jcphuff.cpp">
      <Filter>LibJpeg</Filter>
    </ClCompile>
    <ClCompile Include="LibJpeg\jcprepct.cpp">
      <Filter>LibJpeg</Filter>
    </ClCompile>
    <ClCompile Include="LibJpeg\jcsample.cpp">
      <Filter>LibJpeg</Filter>
    </ClCompile>
    <ClCompile Include="LibJpeg\jdapimin.cpp">
      <Filter>LibJpeg</Filter>
    </ClCompile>
    <ClCompile Include="LibJpeg\jdapistd.cpp">
      <Filter>LibJpeg</Filter>
    </ClCompile>
    <ClCompile Include="LibJpeg\jdatadst.cpp">
      <Filter>LibJpeg</Filter>
    </ClCompile>
    <ClCompile Include="LibJpeg\jdatasrc.cpp">
      <Filter>LibJpeg</Filter>
    </ClCompile>
    <ClCompile Include="LibJpeg\jdcoefct.cpp">
      <Filter>LibJpeg</Filter>
    </ClCompile>
    <ClCompile Include="LibJpeg\jdcolor.cpp">
      <Filter>LibJpeg</Filter>
    </ClCompile>
    <ClCompile Include="LibJpeg\jddctmgr.cpp">
      <Filter>LibJpeg</Filter>
    </ClCompile>
    <ClCompile Include="LibJpeg\jdhuff.cpp">
      <Filter>LibJpeg</Filter>
    </ClCompile>
    <ClCompile Include="LibJpeg\jdinput.cpp">
      <Filter>LibJpeg</Filter>
    </ClCompile>
    <ClCompile Include="LibJpeg\jdmainct.cpp">
      <Filter>LibJpeg</Filter>
    </ClCompile>
    <ClCompile Include="LibJpeg\jdmarker.cpp">
      <Filter>LibJpeg</Filter>
    </ClCompile>
    <ClCompile Include="LibJpeg\jdmaster.cpp">
      <Filter>LibJpeg</Filter>
    </ClCompile>
    <ClCompile Include="LibJpeg\jdmerge.cpp">
      <Filter>LibJpeg</Filter>
    </ClCompile>
    <ClCompile Include="LibJpeg\jdphuff.cpp">
      <Filter>LibJpeg</Filter>
    </ClCompile>
    <ClCompile Include="LibJpeg\jdpostct.cpp">
      <Filter>LibJpeg</Filter>
    </ClCompile>
    <ClCompile Include="LibJpeg\jdsample.cpp">
      <Filter>LibJpeg</Filter>
    </ClCompile>
    <ClCompile Include="LibJpeg\jerror.cpp">
      <Filter>LibJpeg</Filter>
    </ClCompile>
    <ClCompile Include="LibJpeg\jfdctflt.cpp">
      <Filter>LibJpeg</Filter>
    </ClCompile>
    <ClCompile Include="LibJpeg\jfdctfst.cpp">
      <Filter>LibJpeg</Filter>
    </ClCompile>
    <ClCompile Include="LibJpeg\jfdctint.cpp">
      <Filter>LibJpeg</Filter>
    </ClCompile>
    <ClCompile Include="LibJpeg\jidctflt.cpp">
      <Filter>LibJpeg</Filter>
    </ClCompile>
    <ClCompile Include="LibJpeg\jidctfst.cpp">
      <Filter>LibJpeg</Filter>
    </ClCompile>
    <ClCompile Include="LibJpeg\jidctint.cpp">
      <Filter>LibJpeg</Filter>
    </ClCompile>
    <ClCompile Include="LibJpeg\jidctred.cpp">
      <Filter>LibJpeg</Filter>
    </ClCompile>
    <ClCompile Include="LibJpeg\jmemmgr.cpp">
      <Filter>LibJpeg</Filter>
    </ClCompile>
    <ClCompile Include="LibJpeg\jmemnobs.cpp">
      <Filter>LibJpeg</Filter>
    </ClCompile>
    <ClCompile Include="LibJpeg\jquant1.cpp">
      <Filter>LibJpeg</Filter>
    </ClCompile>
    <ClCompile Include="LibJpeg\jquant2.cpp">
      <Filter>LibJpeg</Filter>
    </ClCompile>
    <ClCompile Include="LibJpeg\jutils.cpp">
      <Filter>LibJpeg</Filter>
    </ClCompile>
    <ClCompile Include="LibJpeg\jcapimin.cpp">
      <Filter>LibJpeg</Filter>
    </ClCompile>
    <ClCompile Include="LibJpeg\jcapistd.cpp">
      <Filter>LibJpeg</Filter>
    </ClCompile>
    <ClCompile Include="LibJpeg\jccoefct.cpp">
      <Filter>LibJpeg</Filter>
    </ClCompile>
    <ClCompile Include="LibJpeg\jccolor.cpp">
      <Filter>LibJpeg</Filter>
    </ClCompile>
    <ClCompile Include="LibJpeg\jcdctmgr.cpp">
      <Filter>LibJpeg</Filter>
    </ClCompile>
    <ClCompile Include="LibJpeg\jchuff.cpp">
      <Filter>LibJpeg</Filter>
    </ClCompile>
  </ItemGroup>
  <ItemGroup>
    <ClInclude Include="Bitmap.h" />
    <ClInclude Include="JointHeader.h" />
    <ClInclude Include="LibJpeg\jconfig.h">
      <Filter>LibJpeg</Filter>
    </ClInclude>
    <ClInclude Include="LibJpeg\jdct.h">
      <Filter>LibJpeg</Filter>
    </ClInclude>
    <ClInclude Include="LibJpeg\jdhuff.h">
      <Filter>LibJpeg</Filter>
    </ClInclude>
    <ClInclude Include="LibJpeg\jerror.h">
      <Filter>LibJpeg</Filter>
    </ClInclude>
    <ClInclude Include="LibJpeg\jinclude.h">
      <Filter>LibJpeg</Filter>
    </ClInclude>
    <ClInclude Include="LibJpeg\jmemsys.h">
      <Filter>LibJpeg</Filter>
    </ClInclude>
    <ClInclude Include="LibJpeg\jmorecfg.h">
      <Filter>LibJpeg</Filter>
    </ClInclude>
    <ClInclude Include="LibJpeg\jpegint.h">
      <Filter>LibJpeg</Filter>
    </ClInclude>
    <ClInclude Include="LibJpeg\jpeglib.h">
      <Filter>LibJpeg</Filter>
    </ClInclude>
    <ClInclude Include="LibJpeg\jversion.h">
      <Filter>LibJpeg</Filter>
    </ClInclude>
    <ClInclude Include="LibJpeg\jchuff.h">
      <Filter>LibJpeg</Filter>
    </ClInclude>
  </ItemGroup>
  <ItemGroup>
    <Filter Include="LibJpeg">
      <UniqueIdentifier>{50d741bd-30e9-44e0-b4a4-904af60f3fa3}</UniqueIdentifier>
    </Filter>
  </ItemGroup>
  <ItemGroup>
    <None Include="LibJpeg\README">
      <Filter>LibJpeg</Filter>
    </None>
  </ItemGroup>
</Project>