
Microsoft Visual Studio Solution File, Format Version 12.00
# Visual Studio 15
VisualStudioVersion = 15.0.28307.1433
MinimumVisualStudioVersion = 10.0.40219.1
Project("{8BC9CEB8-8B4A-11D0-8D11-00A0C91BC942}") = "JpegReaderWrtier", "JpegReaderWrtier.vcxproj", "{7DB434BC-F36E-48E8-B170-9FC06CB27857}"
EndProject
Global
	GlobalSection(SolutionConfigurationPlatforms) = preSolution
		Debug|x64 = Debug|x64
		Debug|x86 = Debug|x86
		Release|x64 = Release|x64
		Release|x86 = Release|x86
	EndGlobalSection
	GlobalSection(ProjectConfigurationPlatforms) = postSolution
		{7DB434BC-F36E-48E8-B170-9FC06CB27857}.Debug|x64.ActiveCfg = Debug|x64
		{7DB434BC-F36E-48E8-B170-9FC06CB27857}.Debug|x64.Build.0 = Debug|x64
		{7DB434BC-F36E-48E8-B170-9FC06CB27857}.Debug|x86.ActiveCfg = Debug|Win32
		{7DB434BC-F36E-48E8-B170-9FC06CB27857}.Debug|x86.Build.0 = Debug|Win32
		{7DB434BC-F36E-48E8-B170-9FC06CB27857}.Release|x64.ActiveCfg = Release|x64
		{7DB434BC-F36E-48E8-B170-9FC06CB27857}.Release|x64.Build.0 = Release|x64
		{7DB434BC-F36E-48E8-B170-9FC06CB27857}.Release|x86.ActiveCfg = Release|Win32
		{7DB434BC-F36E-48E8-B170-9FC06CB27857}.Release|x86.Build.0 = Release|Win32
	EndGlobalSection
	GlobalSection(SolutionProperties) = preSolution
		HideSolutionNode = FALSE
	EndGlobalSection
	GlobalSection(ExtensibilityGlobals) = postSolution
		SolutionGuid = {180C56F9-4C7F-47C1-AA27-05BE9B6350F5}
	EndGlobalSection
EndGlobal
